{
    "default": {
        "trafaret-config": "*",
        "trafaret": "*",
        "SQLAlchemy": "*",
        "aiohttp": "*"
    },
    "develop": {
        "pytest-aiohttp": "*"
    },
    "_meta": {
        "sources": [
            {
                "url": "https://pypi.python.org/simple",
                "verify_ssl": true
            }
        ],
        "requires": {},
        "Pipfile-sha256": "548eab03bed9e8e7bf2a2eb01a944152dedb0047eefe882e942fe290bc337245"
    }
}